
Microsoft Visual Studio Solution File, Format Version 12.00
# Visual Studio 15
VisualStudioVersion = 15.0.27703.2035
MinimumVisualStudioVersion = 10.0.40219.1
Project("{FAE04EC0-301F-11D3-BF4B-00C04F79EFBC}") = "EolConverter", "EolConverter\EolConverter.csproj", "{65B9B8F0-B224-403C-A379-058B66527A58}"
EndProject
Project("{FAE04EC0-301F-11D3-BF4B-00C04F79EFBC}") = "EolConverter.Test", "EolConverter.Test\EolConverter.Test.csproj", "{64758629-7BBE-49D5-94EE-EBC135D108CD}"
EndProject
Global
	GlobalSection(SolutionConfigurationPlatforms) = preSolution
		Debug|Any CPU = Debug|Any CPU
		Release|Any CPU = Release|Any CPU
	EndGlobalSection
	GlobalSection(ProjectConfigurationPlatforms) = postSolution
		{65B9B8F0-B224-403C-A379-058B66527A58}.Debug|Any CPU.ActiveCfg = Debug|Any CPU
		{65B9B8F0-B224-403C-A379-058B66527A58}.Debug|Any CPU.Build.0 = Debug|Any CPU
		{65B9B8F0-B224-403C-A379-058B66527A58}.Release|Any CPU.ActiveCfg = Release|Any CPU
		{65B9B8F0-B224-403C-A379-058B66527A58}.Release|Any CPU.Build.0 = Release|Any CPU
		{64758629-7BBE-49D5-94EE-EBC135D108CD}.Debug|Any CPU.ActiveCfg = Debug|Any CPU
		{64758629-7BBE-49D5-94EE-EBC135D108CD}.Debug|Any CPU.Build.0 = Debug|Any CPU
		{64758629-7BBE-49D5-94EE-EBC135D108CD}.Release|Any CPU.ActiveCfg = Release|Any CPU
		{64758629-7BBE-49D5-94EE-EBC135D108CD}.Release|Any CPU.Build.0 = Release|Any CPU
	EndGlobalSection
	GlobalSection(SolutionProperties) = preSolution
		HideSolutionNode = FALSE
	EndGlobalSection
	GlobalSection(ExtensibilityGlobals) = postSolution
		SolutionGuid = {41437A4B-D35A-4043-B59B-EEAAD8C72C32}
	EndGlobalSection
EndGlobal
